// !$*UTF8*$!
{
	archiveVersion = 1;
	classes = {
	};
	objectVersion = 46;
	objects = {

/* Begin PBXBuildFile section */
		024807F11E16965C002D406A /* AppDelegate.swift in Sources */ = {isa = PBXBuildFile; fileRef = 024807F01E16965C002D406A /* AppDelegate.swift */; };
		024807F31E16965C002D406A /* ViewController.swift in Sources */ = {isa = PBXBuildFile; fileRef = 024807F21E16965C002D406A /* ViewController.swift */; };
		024807F61E16965C002D406A /* Main.storyboard in Resources */ = {isa = PBXBuildFile; fileRef = 024807F41E16965C002D406A /* Main.storyboard */; };
		024807F81E16965C002D406A /* Assets.xcassets in Resources */ = {isa = PBXBuildFile; fileRef = 024807F71E16965C002D406A /* Assets.xcassets */; };
		024807FB1E16965C002D406A /* LaunchScreen.storyboard in Resources */ = {isa = PBXBuildFile; fileRef = 024807F91E16965C002D406A /* LaunchScreen.storyboard */; };
/* End PBXBuildFile section */

/* Begin PBXContainerItemProxy section */
		024808511E16979A002D406A /* PBXContainerItemProxy */ = {
			isa = PBXContainerItemProxy;
			containerPortal = 024808471E169799002D406A /* SQLite.xcodeproj */;
			proxyType = 2;
			remoteGlobalIDString = EE247AD31C3F04ED00AE3E12;
			remoteInfo = "SQLite iOS";
		};
		024808531E16979A002D406A /* PBXContainerItemProxy */ = {
			isa = PBXContainerItemProxy;
			containerPortal = 024808471E169799002D406A /* SQLite.xcodeproj */;
			proxyType = 2;
			remoteGlobalIDString = EE247ADD1C3F04ED00AE3E12;
			remoteInfo = "SQLiteTests iOS";
		};
		024808551E16979A002D406A /* PBXContainerItemProxy */ = {
			isa = PBXContainerItemProxy;
			containerPortal = 024808471E169799002D406A /* SQLite.xcodeproj */;
			proxyType = 2;
			remoteGlobalIDString = EE247B3C1C3F3ED000AE3E12;
			remoteInfo = "SQLite Mac";
		};
		024808571E16979A002D406A /* PBXContainerItemProxy */ = {
			isa = PBXContainerItemProxy;
			containerPortal = 024808471E169799002D406A /* SQLite.xcodeproj */;
			proxyType = 2;
			remoteGlobalIDString = EE247B451C3F3ED000AE3E12;
			remoteInfo = "SQLiteTests Mac";
		};
		024808591E16979A002D406A /* PBXContainerItemProxy */ = {
			isa = PBXContainerItemProxy;
			containerPortal = 024808471E169799002D406A /* SQLite.xcodeproj */;
			proxyType = 2;
			remoteGlobalIDString = 03A65E5A1C6BB0F50062603F;
			remoteInfo = "SQLite tvOS";
		};
		0248085B1E16979A002D406A /* PBXContainerItemProxy */ = {
			isa = PBXContainerItemProxy;
			containerPortal = 024808471E169799002D406A /* SQLite.xcodeproj */;
			proxyType = 2;
			remoteGlobalIDString = 03A65E631C6BB0F60062603F;
			remoteInfo = "SQLiteTests tvOS";
		};
		0248085D1E16979A002D406A /* PBXContainerItemProxy */ = {
			isa = PBXContainerItemProxy;
			containerPortal = 024808471E169799002D406A /* SQLite.xcodeproj */;
			proxyType = 2;
			remoteGlobalIDString = A121AC451CA35C79005A31D1;
			remoteInfo = "SQLite watchOS";
		};
/* End PBXContainerItemProxy section */

/* Begin PBXFileReference section */
		024807ED1E16965C002D406A /* SQLiteDemo.app */ = {isa = PBXFileReference; explicitFileType = wrapper.application; includeInIndex = 0; path = SQLiteDemo.app; sourceTree = BUILT_PRODUCTS_DIR; };
		024807F01E16965C002D406A /* AppDelegate.swift */ = {isa = PBXFileReference; lastKnownFileType = sourcecode.swift; path = AppDelegate.swift; sourceTree = "<group>"; };
		024807F21E16965C002D406A /* ViewController.swift */ = {isa = PBXFileReference; lastKnownFileType = sourcecode.swift; path = ViewController.swift; sourceTree = "<group>"; };
		024807F51E16965C002D406A /* Base */ = {isa = PBXFileReference; lastKnownFileType = file.storyboard; name = Base; path = Base.lproj/Main.storyboard; sourceTree = "<group>"; };
		024807F71E16965C002D406A /* Assets.xcassets */ = {isa = PBXFileReference; lastKnownFileType = folder.assetcatalog; path = Assets.xcassets; sourceTree = "<group>"; };
		024807FA1E16965C002D406A /* Base */ = {isa = PBXFileReference; lastKnownFileType = file.storyboard; name = Base; path = Base.lproj/LaunchScreen.storyboard; sourceTree = "<group>"; };
		024807FC1E16965C002D406A /* Info.plist */ = {isa = PBXFileReference; lastKnownFileType = text.plist.xml; path = Info.plist; sourceTree = "<group>"; };
		024808471E169799002D406A /* SQLite.xcodeproj */ = {isa = PBXFileReference; lastKnownFileType = "wrapper.pb-project"; name = SQLite.xcodeproj; path = "../../../../Desktop/SQLite.swift-master/SQLite.xcodeproj"; sourceTree = "<group>"; };
/* End PBXFileReference section */

/* Begin PBXFrameworksBuildPhase section */
		024807EA1E16965C002D406A /* Frameworks */ = {
			isa = PBXFrameworksBuildPhase;
			buildActionMask = 2147483647;
			files = (
			);
			runOnlyForDeploymentPostprocessing = 0;
		};
/* End PBXFrameworksBuildPhase section */

/* Begin PBXGroup section */
		024807E41E16965C002D406A = {
			isa = PBXGroup;
			children = (
				024808471E169799002D406A /* SQLite.xcodeproj */,
				024808021E1696A5002D406A /* SQLite */,
				024807EF1E16965C002D406A /* SQLiteDemo */,
				024807EE1E16965C002D406A /* Products */,
			);
			sourceTree = "<group>";
		};
		024807EE1E16965C002D406A /* Products */ = {
			isa = PBXGroup;
			children = (
				024807ED1E16965C002D406A /* SQLiteDemo.app */,
			);
			name = Products;
			sourceTree = "<group>";
		};
		024807EF1E16965C002D406A /* SQLiteDemo */ = {
			isa = PBXGroup;
			children = (
				024807F01E16965C002D406A /* AppDelegate.swift */,
				024807F21E16965C002D406A /* ViewController.swift */,
				024807F41E16965C002D406A /* Main.storyboard */,
				024807F71E16965C002D406A /* Assets.xcassets */,
				024807F91E16965C002D406A /* LaunchScreen.storyboard */,
				024807FC1E16965C002D406A /* Info.plist */,
			);
			path = SQLiteDemo;
			sourceTree = "<group>";
		};
		024808021E1696A5002D406A /* SQLite */ = {
			isa = PBXGroup;
			children = (
			);
			name = SQLite;
			path = "../../../../Desktop/SQLite.swift-master/Sources/SQLite";
			sourceTree = "<group>";
		};
		024808481E169799002D406A /* Products */ = {
			isa = PBXGroup;
			children = (
				024808521E16979A002D406A /* SQLite.framework */,
				024808541E16979A002D406A /* SQLiteTests iOS.xctest */,
				024808561E16979A002D406A /* SQLite.framework */,
				024808581E16979A002D406A /* SQLiteTests Mac.xctest */,
				0248085A1E16979A002D406A /* SQLite.framework */,
				0248085C1E16979A002D406A /* SQLiteTests tvOS.xctest */,
				0248085E1E16979A002D406A /* SQLite.framework */,
			);
			name = Products;
			sourceTree = "<group>";
		};
/* End PBXGroup section */

/* Begin PBXNativeTarget section */
		024807EC1E16965C002D406A /* SQLiteDemo */ = {
			isa = PBXNativeTarget;
			buildConfigurationList = 024807FF1E16965C002D406A /* Build configuration list for PBXNativeTarget "SQLiteDemo" */;
			buildPhases = (
				024807E91E16965C002D406A /* Sources */,
				024807EA1E16965C002D406A /* Frameworks */,
				024807EB1E16965C002D406A /* Resources */,
			);
			buildRules = (
			);
			dependencies = (
			);
			name = SQLiteDemo;
			productName = SQLiteDemo;
			productReference = 024807ED1E16965C002D406A /* SQLiteDemo.app */;
			productType = "com.apple.product-type.application";
		};
/* End PBXNativeTarget section */

/* Begin PBXProject section */
		024807E51E16965C002D406A /* Project object */ = {
			isa = PBXProject;
			attributes = {
				LastSwiftUpdateCheck = 0820;
				LastUpgradeCheck = 0820;
				ORGANIZATIONNAME = "xiaoyi li";
				TargetAttributes = {
					024807EC1E16965C002D406A = {
						CreatedOnToolsVersion = 8.2.1;
						ProvisioningStyle = Automatic;
					};
				};
			};
			buildConfigurationList = 024807E81E16965C002D406A /* Build configuration list for PBXProject "SQLiteDemo" */;
			compatibilityVersion = "Xcode 3.2";
			developmentRegion = English;
			hasScannedForEncodings = 0;
			knownRegions = (
				en,
				Base,
			);
			mainGroup = 024807E41E16965C002D406A;
			productRefGroup = 024807EE1E16965C002D406A /* Products */;
			projectDirPath = "";
			projectReferences = (
				{
					ProductGroup = 024808481E169799002D406A /* Products */;
					ProjectRef = 024808471E169799002D406A /* SQLite.xcodeproj */;
				},
			);
			projectRoot = "";
			targets = (
				024807EC1E16965C002D406A /* SQLiteDemo */,
			);
		};
/* End PBXProject section */

/* Begin PBXReferenceProxy section */
		024808521E16979A002D406A /* SQLite.framework */ = {
			isa = PBXReferenceProxy;
			fileType = wrapper.framework;
			path = SQLite.framework;
			remoteRef = 024808511E16979A002D406A /* PBXContainerItemProxy */;
			sourceTree = BUILT_PRODUCTS_DIR;
		};
		024808541E16979A002D406A /* SQLiteTests iOS.xctest */ = {
			isa = PBXReferenceProxy;
			fileType = wrapper.cfbundle;
			path = "SQLiteTests iOS.xctest";
			remoteRef = 024808531E16979A002D406A /* PBXContainerItemProxy */;
			sourceTree = BUILT_PRODUCTS_DIR;
		};
		024808561E16979A002D406A /* SQLite.framework */ = {
			isa = PBXReferenceProxy;
			fileType = wrapper.framework;
			path = SQLite.framework;
			remoteRef = 024808551E16979A002D406A /* PBXContainerItemProxy */;
			sourceTree = BUILT_PRODUCTS_DIR;
		};
		024808581E16979A002D406A /* SQLiteTests Mac.xctest */ = {
			isa = PBXReferenceProxy;
			fileType = wrapper.cfbundle;
			path = "SQLiteTests Mac.xctest";
			remoteRef = 024808571E16979A002D406A /* PBXContainerItemProxy */;
			sourceTree = BUILT_PRODUCTS_DIR;
		};
		0248085A1E16979A002D406A /* SQLite.framework */ = {
			isa = PBXReferenceProxy;
			fileType = wrapper.framework;
			path = SQLite.framework;
			remoteRef = 024808591E16979A002D406A /* PBXContainerItemProxy */;
			sourceTree = BUILT_PRODUCTS_DIR;
		};
		0248085C1E16979A002D406A /* SQLiteTests tvOS.xctest */ = {
			isa = PBXReferenceProxy;
			fileType = wrapper.cfbundle;
			path = "SQLiteTests tvOS.xctest";
			remoteRef = 0248085B1E16979A002D406A /* PBXContainerItemProxy */;
			sourceTree = BUILT_PRODUCTS_DIR;
		};
		0248085E1E16979A002D406A /* SQLite.framework */ = {
			isa = PBXReferenceProxy;
			fileType = wrapper.framework;
			path = SQLite.framework;
			remoteRef = 0248085D1E16979A002D406A /* PBXContainerItemProxy */;
			sourceTree = BUILT_PRODUCTS_DIR;
		};
/* End PBXReferenceProxy section */

/* Begin PBXResourcesBuildPhase section */
		024807EB1E16965C002D406A /* Resources */ = {
			isa = PBXResourcesBuildPhase;
			buildActionMask = 2147483647;
			files = (
				024807FB1E16965C002D406A /* LaunchScreen.storyboard in Resources */,
				024807F81E16965C002D406A /* Assets.xcassets in Resources */,
				024807F61E16965C002D406A /* Main.storyboard in Resources */,
			);
			runOnlyForDeploymentPostprocessing = 0;
		};
/* End PBXResourcesBuildPhase section */

/* Begin PBXSourcesBuildPhase section */
		024807E91E16965C002D406A /* Sources */ = {
			isa = PBXSourcesBuildPhase;
			buildActionMask = 2147483647;
			files = (
				024807F31E16965C002D406A /* ViewController.swift in Sources */,
				024807F11E16965C002D406A /* AppDelegate.swift in Sources */,
			);
			runOnlyForDeploymentPostprocessing = 0;
		};
/* End PBXSourcesBuildPhase section */

/* Begin PBXVariantGroup section */
		024807F41E16965C002D406A /* Main.storyboard */ = {
			isa = PBXVariantGroup;
			children = (
				024807F51E16965C002D406A /* Base */,
			);
			name = Main.storyboard;
			sourceTree = "<group>";
		};
		024807F91E16965C002D406A /* LaunchScreen.storyboard */ = {
			isa = PBXVariantGroup;
			children = (
				024807FA1E16965C002D406A /* Base */,
			);
			name = LaunchScreen.storyboard;
			sourceTree = "<group>";
		};
/* End PBXVariantGroup section */

/* Begin XCBuildConfiguration section */
		024807FD1E16965C002D406A /* Debug */ = {
			isa = XCBuildConfiguration;
			buildSettings = {
				ALWAYS_SEARCH_USER_PATHS = NO;
				CLANG_ANALYZER_NONNULL = YES;
				CLANG_CXX_LANGUAGE_STANDARD = "gnu++0x";
				CLANG_CXX_LIBRARY = "libc++";
				CLANG_ENABLE_MODULES = YES;
				CLANG_ENABLE_OBJC_ARC = YES;
				CLANG_WARN_BOOL_CONVERSION = YES;
				CLANG_WARN_CONSTANT_CONVERSION = YES;
				CLANG_WARN_DIRECT_OBJC_ISA_USAGE = YES_ERROR;
				CLANG_WARN_DOCUMENTATION_COMMENTS = YES;
				CLANG_WARN_EMPTY_BODY = YES;
				CLANG_WARN_ENUM_CONVERSION = YES;
				CLANG_WARN_INFINITE_RECURSION = YES;
				CLANG_WARN_INT_CONVERSION = YES;
				CLANG_WARN_OBJC_ROOT_CLASS = YES_ERROR;
				CLANG_WARN_SUSPICIOUS_MOVE = YES;
				CLANG_WARN_UNREACHABLE_CODE = YES;
				CLANG_WARN__DUPLICATE_METHOD_MATCH = YES;
				"CODE_SIGN_IDENTITY[sdk=iphoneos*]" = "iPhone Developer";
				COPY_PHASE_STRIP = NO;
				DEBUG_INFORMATION_FORMAT = dwarf;
				ENABLE_STRICT_OBJC_MSGSEND = YES;
				ENABLE_TESTABILITY = YES;
				GCC_C_LANGUAGE_STANDARD = gnu99;
				GCC_DYNAMIC_NO_PIC = NO;
				GCC_NO_COMMON_BLOCKS = YES;
				GCC_OPTIMIZATION_LEVEL = 0;
				GCC_PREPROCESSOR_DEFINITIONS = (
					"DEBUG=1",
					"$(inherited)",
				);
				GCC_WARN_64_TO_32_BIT_CONVERSION = YES;
				GCC_WARN_ABOUT_RETURN_TYPE = YES_ERROR;
				GCC_WARN_UNDECLARED_SELECTOR = YES;
				GCC_WARN_UNINITIALIZED_AUTOS = YES_AGGRESSIVE;
				GCC_WARN_UNUSED_FUNCTION = YES;
				GCC_WARN_UNUSED_VARIABLE = YES;
				IPHONEOS_DEPLOYMENT_TARGET = 10.2;
				MTL_ENABLE_DEBUG_INFO = YES;
				ONLY_ACTIVE_ARCH = YES;
				SDKROOT = iphoneos;
				SWIFT_ACTIVE_COMPILATION_CONDITIONS = DEBUG;
				SWIFT_OPTIMIZATION_LEVEL = "-Onone";
				TARGETED_DEVICE_FAMILY = "1,2";
			};
			name = Debug;
		};
		024807FE1E16965C002D406A /* Release */ = {
			isa = XCBuildConfiguration;
			buildSettings = {
				ALWAYS_SEARCH_USER_PATHS = NO;
				CLANG_ANALYZER_NONNULL = YES;
				CLANG_CXX_LANGUAGE_STANDARD = "gnu++0x";
				CLANG_CXX_LIBRARY = "libc++";
				CLANG_ENABLE_MODULES = YES;
				CLANG_ENABLE_OBJC_ARC = YES;
				CLANG_WARN_BOOL_CONVERSION = YES;
				CLANG_WARN_CONSTANT_CONVERSION = YES;
				CLANG_WARN_DIRECT_OBJC_ISA_USAGE = YES_ERROR;
				CLANG_WARN_DOCUMENTATION_COMMENTS = YES;
				CLANG_WARN_EMPTY_BODY = YES;
				CLANG_WARN_ENUM_CONVERSION = YES;
				CLANG_WARN_INFINITE_RECURSION = YES;
				CLANG_WARN_INT_CONVERSION = YES;
				CLANG_WARN_OBJC_ROOT_CLASS = YES_ERROR;
				CLANG_WARN_SUSPICIOUS_MOVE = YES;
				CLANG_WARN_UNREACHABLE_CODE = YES;
				CLANG_WARN__DUPLICATE_METHOD_MATCH = YES;
				"CODE_SIGN_IDENTITY[sdk=iphoneos*]" = "iPhone Developer";
				COPY_PHASE_STRIP = NO;
				DEBUG_INFORMATION_FORMAT = "dwarf-with-dsym";
				ENABLE_NS_ASSERTIONS = NO;
				ENABLE_STRICT_OBJC_MSGSEND = YES;
				GCC_C_LANGUAGE_STANDARD = gnu99;
				GCC_NO_COMMON_BLOCKS = YES;
				GCC_WARN_64_TO_32_BIT_CONVERSION = YES;
				GCC_WARN_ABOUT_RETURN_TYPE = YES_ERROR;
				GCC_WARN_UNDECLARED_SELECTOR = YES;
				GCC_WARN_UNINITIALIZED_AUTOS = YES_AGGRESSIVE;
				GCC_WARN_UNUSED_FUNCTION = YES;
				GCC_WARN_UNUSED_VARIABLE = YES;
				IPHONEOS_DEPLOYMENT_TARGET = 10.2;
				MTL_ENABLE_DEBUG_INFO = NO;
				SDKROOT = iphoneos;
				SWIFT_OPTIMIZATION_LEVEL = "-Owholemodule";
				TARGETED_DEVICE_FAMILY = "1,2";
				VALIDATE_PRODUCT = YES;
			};
			name = Release;
		};
		024808001E16965C002D406A /* Debug */ = {
			isa = XCBuildConfiguration;
			buildSettings = {
				ASSETCATALOG_COMPILER_APPICON_NAME = AppIcon;
				INFOPLIST_FILE = SQLiteDemo/Info.plist;
				LD_RUNPATH_SEARCH_PATHS = "$(inherited) @executable_path/Frameworks";
				PRODUCT_BUNDLE_IDENTIFIER = li.xiaoyi.SQLiteDemo;
				PRODUCT_NAME = "$(TARGET_NAME)";
				SWIFT_VERSION = 3.0;
			};
			name = Debug;
		};
		024808011E16965C002D406A /* Release */ = {
			isa = XCBuildConfiguration;
			buildSettings = {
				ASSETCATALOG_COMPILER_APPICON_NAME = AppIcon;
				INFOPLIST_FILE = SQLiteDemo/Info.plist;
				LD_RUNPATH_SEARCH_PATHS = "$(inherited) @executable_path/Frameworks";
				PRODUCT_BUNDLE_IDENTIFIER = li.xiaoyi.SQLiteDemo;
				PRODUCT_NAME = "$(TARGET_NAME)";
				SWIFT_VERSION = 3.0;
			};
			name = Release;
		};
/* End XCBuildConfiguration section */

/* Begin XCConfigurationList section */
		024807E81E16965C002D406A /* Build configuration list for PBXProject "SQLiteDemo" */ = {
			isa = XCConfigurationList;
			buildConfigurations = (
				024807FD1E16965C002D406A /* Debug */,
				024807FE1E16965C002D406A /* Release */,
			);
			defaultConfigurationIsVisible = 0;
			defaultConfigurationName = Release;
		};
		024807FF1E16965C002D406A /* Build configuration list for PBXNativeTarget "SQLiteDemo" */ = {
			isa = XCConfigurationList;
			buildConfigurations = (
				024808001E16965C002D406A /* Debug */,
				024808011E16965C002D406A /* Release */,
			);
			defaultConfigurationIsVisible = 0;
		};
/* End XCConfigurationList section */
	};
	rootObject = 024807E51E16965C002D406A /* Project object */;
}
